Microsoft Visual Studio Solution File, Format Version 12.00
# Visual Studio Version 17
VisualStudioVersion = 17.5.2.0
MinimumVisualStudioVersion = 10.0.40219.1
Project("{FAE04EC0-301F-11D3-BF4B-00C04F79EFBC}") = "IT15-LabExam-Tero", "IT15-LabExam-Tero.csproj", "{A242FA7C-B953-C982-08FB-65DF75F1A7AC}"
EndProject
Global
	GlobalSection(SolutionConfigurationPlatforms) = preSolution
		Debug|Any CPU = Debug|Any CPU
		Release|Any CPU = Release|Any CPU
	EndGlobalSection
	GlobalSection(ProjectConfigurationPlatforms) = postSolution
		{A242FA7C-B953-C982-08FB-65DF75F1A7AC}.Debug|Any CPU.ActiveCfg = Debug|Any CPU
		{A242FA7C-B953-C982-08FB-65DF75F1A7AC}.Debug|Any CPU.Build.0 = Debug|Any CPU
		{A242FA7C-B953-C982-08FB-65DF75F1A7AC}.Release|Any CPU.ActiveCfg = Release|Any CPU
		{A242FA7C-B953-C982-08FB-65DF75F1A7AC}.Release|Any CPU.Build.0 = Release|Any CPU
	EndGlobalSection
	GlobalSection(SolutionProperties) = preSolution
		HideSolutionNode = FALSE
	EndGlobalSection
	GlobalSection(ExtensibilityGlobals) = postSolution
		SolutionGuid = {3088C0BF-3FF6-40F8-877F-A132A5720CA1}
	EndGlobalSection
EndGlobal
